// !$*UTF8*$!
{
	archiveVersion = 1;
	classes = {
	};
	objectVersion = 77;
	objects = {

/* Begin PBXContainerItemProxy section */
		CBA6F0E32CFB527300B75B79 /* PBXContainerItemProxy */ = {
			isa = PBXContainerItemProxy;
			containerPortal = CBA6F0CA2CFB527100B75B79 /* Project object */;
			proxyType = 1;
			remoteGlobalIDString = CBA6F0D12CFB527100B75B79;
			remoteInfo = Vie;
		};
		CBA6F0ED2CFB527300B75B79 /* PBXContainerItemProxy */ = {
			isa = PBXContainerItemProxy;
			containerPortal = CBA6F0CA2CFB527100B75B79 /* Project object */;
			proxyType = 1;
			remoteGlobalIDString = CBA6F0D12CFB527100B75B79;
			remoteInfo = Vie;
		};
/* End PBXContainerItemProxy section */

/* Begin PBXFileReference section */
		CBA6F0D22CFB527100B75B79 /* Vie.app */ = {isa = PBXFileReference; explicitFileType = wrapper.application; includeInIndex = 0; path = Vie.app; sourceTree = BUILT_PRODUCTS_DIR; };
		CBA6F0E22CFB527300B75B79 /* VieTests.xctest */ = {isa = PBXFileReference; explicitFileType = wrapper.cfbundle; includeInIndex = 0; path = VieTests.xctest; sourceTree = BUILT_PRODUCTS_DIR; };
		CBA6F0EC2CFB527300B75B79 /* VieUITests.xctest */ = {isa = PBXFileReference; explicitFileType = wrapper.cfbundle; includeInIndex = 0; path = VieUITests.xctest; sourceTree = BUILT_PRODUCTS_DIR; };
/* End PBXFileReference section */

/* Begin PBXFileSystemSynchronizedBuildFileExceptionSet section */
		CB0355DE2CFC3B7A0008F897 /* Exceptions for "Vie" folder in "Vie" target */ = {
			isa = PBXFileSystemSynchronizedBuildFileExceptionSet;
			membershipExceptions = (
				Info.plist,
			);
			target = CBA6F0D12CFB527100B75B79 /* Vie */;
		};
/* End PBXFileSystemSynchronizedBuildFileExceptionSet section */

/* Begin PBXFileSystemSynchronizedRootGroup section */
		CBA6F0D42CFB527100B75B79 /* Vie */ = {
			isa = PBXFileSystemSynchronizedRootGroup;
			exceptions = (
				CB0355DE2CFC3B7A0008F897 /* Exceptions for "Vie" folder in "Vie" target */,
			);
			path = Vie;
			sourceTree = "<group>";
		};
		CBA6F0E52CFB527300B75B79 /* VieTests */ = {
			isa = PBXFileSystemSynchronizedRootGroup;
			path = VieTests;
			sourceTree = "<group>";
		};
		CBA6F0EF2CFB527300B75B79 /* VieUITests */ = {
			isa = PBXFileSystemSynchronizedRootGroup;
			path = VieUITests;
			sourceTree = "<group>";
		};
/* End PBXFileSystemSynchronizedRootGroup section */

/* Begin PBXFrameworksBuildPhase section */
		CBA6F0CF2CFB527100B75B79 /* Frameworks */ = {
			isa = PBXFrameworksBuildPhase;
			buildActionMask = 2147483647;
			files = (
			);
			runOnlyForDeploymentPostprocessing = 0;
		};
		CBA6F0DF2CFB527300B75B79 /* Frameworks */ = {
			isa = PBXFrameworksBuildPhase;
			buildActionMask = 2147483647;
			files = (
			);
			runOnlyForDeploymentPostprocessing = 0;
		};
		CBA6F0E92CFB527300B75B79 /* Frameworks */ = {
			isa = PBXFrameworksBuildPhase;
			buildActionMask = 2147483647;
			files = (
			);
			runOnlyForDeploymentPostprocessing = 0;
		};
/* End PBXFrameworksBuildPhase section */

/* Begin PBXGroup section */
		CBA6F0C92CFB527100B75B79 = {
			isa = PBXGroup;
			children = (
				CBA6F0D42CFB527100B75B79 /* Vie */,
				CBA6F0E52CFB527300B75B79 /* VieTests */,
				CBA6F0EF2CFB527300B75B79 /* VieUITests */,
				CBA6F0D32CFB527100B75B79 /* Products */,
			);
			sourceTree = "<group>";
		};
		CBA6F0D32CFB527100B75B79 /* Products */ = {
			isa = PBXGroup;
			children = (
				CBA6F0D22CFB527100B75B79 /* Vie.app */,
				CBA6F0E22CFB527300B75B79 /* VieTests.xctest */,
				CBA6F0EC2CFB527300B75B79 /* VieUITests.xctest */,
			);
			name = Products;
			sourceTree = "<group>";
		};
/* End PBXGroup section */

/* Begin PBXNativeTarget section */
		CBA6F0D12CFB527100B75B79 /* Vie */ = {
			isa = PBXNativeTarget;
			buildConfigurationList = CBA6F0F62CFB527300B75B79 /* Build configuration list for PBXNativeTarget "Vie" */;
			buildPhases = (
				CBA6F0CE2CFB527100B75B79 /* Sources */,
				CBA6F0CF2CFB527100B75B79 /* Frameworks */,
				CBA6F0D02CFB527100B75B79 /* Resources */,
			);
			buildRules = (
			);
			dependencies = (
			);
			fileSystemSynchronizedGroups = (
				CBA6F0D42CFB527100B75B79 /* Vie */,
			);
			name = Vie;
			packageProductDependencies = (
			);
			productName = Vie;
			productReference = CBA6F0D22CFB527100B75B79 /* Vie.app */;
			productType = "com.apple.product-type.application";
		};
		CBA6F0E12CFB527300B75B79 /* VieTests */ = {
			isa = PBXNativeTarget;
			buildConfigurationList = CBA6F0F92CFB527300B75B79 /* Build configuration list for PBXNativeTarget "VieTests" */;
			buildPhases = (
				CBA6F0DE2CFB527300B75B79 /* Sources */,
				CBA6F0DF2CFB527300B75B79 /* Frameworks */,
				CBA6F0E02CFB527300B75B79 /* Resources */,
			);
			buildRules = (
			);
			dependencies = (
				CBA6F0E42CFB527300B75B79 /* PBXTargetDependency */,
			);
			fileSystemSynchronizedGroups = (
				CBA6F0E52CFB527300B75B79 /* VieTests */,
			);
			name = VieTests;
			packageProductDependencies = (
			);
			productName = VieTests;
			productReference = CBA6F0E22CFB527300B75B79 /* VieTests.xctest */;
			productType = "com.apple.product-type.bundle.unit-test";
		};
		CBA6F0EB2CFB527300B75B79 /* VieUITests */ = {
			isa = PBXNativeTarget;
			buildConfigurationList = CBA6F0FC2CFB527300B75B79 /* Build configuration list for PBXNativeTarget "VieUITests" */;
			buildPhases = (
				CBA6F0E82CFB527300B75B79 /* Sources */,
				CBA6F0E92CFB527300B75B79 /* Frameworks */,
				CBA6F0EA2CFB527300B75B79 /* Resources */,
			);
			buildRules = (
			);
			dependencies = (
				CBA6F0EE2CFB527300B75B79 /* PBXTargetDependency */,
			);
			fileSystemSynchronizedGroups = (
				CBA6F0EF2CFB527300B75B79 /* VieUITests */,
			);
			name = VieUITests;
			packageProductDependencies = (
			);
			productName = VieUITests;
			productReference = CBA6F0EC2CFB527300B75B79 /* VieUITests.xctest */;
			productType = "com.apple.product-type.bundle.ui-testing";
		};
/* End PBXNativeTarget section */

/* Begin PBXProject section */
		CBA6F0CA2CFB527100B75B79 /* Project object */ = {
			isa = PBXProject;
			attributes = {
				BuildIndependentTargetsInParallel = 1;
				LastSwiftUpdateCheck = 1610;
				LastUpgradeCheck = 1610;
				TargetAttributes = {
					CBA6F0D12CFB527100B75B79 = {
						CreatedOnToolsVersion = 16.1;
					};
					CBA6F0E12CFB527300B75B79 = {
						CreatedOnToolsVersion = 16.1;
						TestTargetID = CBA6F0D12CFB527100B75B79;
					};
					CBA6F0EB2CFB527300B75B79 = {
						CreatedOnToolsVersion = 16.1;
						TestTargetID = CBA6F0D12CFB527100B75B79;
					};
				};
			};
			buildConfigurationList = CBA6F0CD2CFB527100B75B79 /* Build configuration list for PBXProject "Vie" */;
			developmentRegion = en;
			hasScannedForEncodings = 0;
			knownRegions = (
				en,
				Base,
			);
			mainGroup = CBA6F0C92CFB527100B75B79;
			minimizedProjectReferenceProxies = 1;
			preferredProjectObjectVersion = 77;
			productRefGroup = CBA6F0D32CFB527100B75B79 /* Products */;
			projectDirPath = "";
			projectRoot = "";
			targets = (
				CBA6F0D12CFB527100B75B79 /* Vie */,
				CBA6F0E12CFB527300B75B79 /* VieTests */,
				CBA6F0EB2CFB527300B75B79 /* VieUITests */,
			);
		};
/* End PBXProject section */

/* Begin PBXResourcesBuildPhase section */
		CBA6F0D02CFB527100B75B79 /* Resources */ = {
			isa = PBXResourcesBuildPhase;
			buildActionMask = 2147483647;
			files = (
			);
			runOnlyForDeploymentPostprocessing = 0;
		};
		CBA6F0E02CFB527300B75B79 /* Resources */ = {
			isa = PBXResourcesBuildPhase;
			buildActionMask = 2147483647;
			files = (
			);
			runOnlyForDeploymentPostprocessing = 0;
		};
		CBA6F0EA2CFB527300B75B79 /* Resources */ = {
			isa = PBXResourcesBuildPhase;
			buildActionMask = 2147483647;
			files = (
			);
			runOnlyForDeploymentPostprocessing = 0;
		};
/* End PBXResourcesBuildPhase section */

/* Begin PBXSourcesBuildPhase section */
		CBA6F0CE2CFB527100B75B79 /* Sources */ = {
			isa = PBXSourcesBuildPhase;
			buildActionMask = 2147483647;
			files = (
			);
			runOnlyForDeploymentPostprocessing = 0;
		};
		CBA6F0DE2CFB527300B75B79 /* Sources */ = {
			isa = PBXSourcesBuildPhase;
			buildActionMask = 2147483647;
			files = (
			);
			runOnlyForDeploymentPostprocessing = 0;
		};
		CBA6F0E82CFB527300B75B79 /* Sources */ = {
			isa = PBXSourcesBuildPhase;
			buildActionMask = 2147483647;
			files = (
			);
			runOnlyForDeploymentPostprocessing = 0;
		};
/* End PBXSourcesBuildPhase section */

/* Begin PBXTargetDependency section */
		CBA6F0E42CFB527300B75B79 /* PBXTargetDependency */ = {
			isa = PBXTargetDependency;
			target = CBA6F0D12CFB527100B75B79 /* Vie */;
			targetProxy = CBA6F0E32CFB527300B75B79 /* PBXContainerItemProxy */;
		};
		CBA6F0EE2CFB527300B75B79 /* PBXTargetDependency */ = {
			isa = PBXTargetDependency;
			target = CBA6F0D12CFB527100B75B79 /* Vie */;
			targetProxy = CBA6F0ED2CFB527300B75B79 /* PBXContainerItemProxy */;
		};
/* End PBXTargetDependency section */

/* Begin XCBuildConfiguration section */
		CBA6F0F42CFB527300B75B79 /* Debug */ = {
			isa = XCBuildConfiguration;
			buildSettings = {
				ALWAYS_SEARCH_USER_PATHS = NO;
				ASSETCATALOG_COMPILER_GENERATE_SWIFT_ASSET_SYMBOL_EXTENSIONS = YES;
				CLANG_ANALYZER_NONNULL = YES;
				CLANG_ANALYZER_NUMBER_OBJECT_CONVERSION = YES_AGGRESSIVE;
				CLANG_CXX_LANGUAGE_STANDARD = "gnu++20";
				CLANG_ENABLE_MODULES = YES;
				CLANG_ENABLE_OBJC_ARC = YES;
				CLANG_ENABLE_OBJC_WEAK = YES;
				CLANG_WARN_BLOCK_CAPTURE_AUTORELEASING = YES;
				CLANG_WARN_BOOL_CONVERSION = YES;
				CLANG_WARN_COMMA = YES;
				CLANG_WARN_CONSTANT_CONVERSION = YES;
				CLANG_WARN_DEPRECATED_OBJC_IMPLEMENTATIONS = YES;
				CLANG_WARN_DIRECT_OBJC_ISA_USAGE = YES_ERROR;
				CLANG_WARN_DOCUMENTATION_COMMENTS = YES;
				CLANG_WARN_EMPTY_BODY = YES;
				CLANG_WARN_ENUM_CONVERSION = YES;
				CLANG_WARN_INFINITE_RECURSION = YES;
				CLANG_WARN_INT_CONVERSION = YES;
				CLANG_WARN_NON_LITERAL_NULL_CONVERSION = YES;
				CLANG_WARN_OBJC_IMPLICIT_RETAIN_SELF = YES;
				CLANG_WARN_OBJC_LITERAL_CONVERSION = YES;
				CLANG_WARN_OBJC_ROOT_CLASS = YES_ERROR;
				CLANG_WARN_QUOTED_INCLUDE_IN_FRAMEWORK_HEADER = YES;
				CLANG_WARN_RANGE_LOOP_ANALYSIS = YES;
				CLANG_WARN_STRICT_PROTOTYPES = YES;
				CLANG_WARN_SUSPICIOUS_MOVE = YES;
				CLANG_WARN_UNGUARDED_AVAILABILITY = YES_AGGRESSIVE;
				CLANG_WARN_UNREACHABLE_CODE = YES;
				CLANG_WARN__DUPLICATE_METHOD_MATCH = YES;
				COPY_PHASE_STRIP = NO;
				DEBUG_INFORMATION_FORMAT = dwarf;
				ENABLE_STRICT_OBJC_MSGSEND = YES;
				ENABLE_TESTABILITY = YES;
				ENABLE_USER_SCRIPT_SANDBOXING = YES;
				GCC_C_LANGUAGE_STANDARD = gnu17;
				GCC_DYNAMIC_NO_PIC = NO;
				GCC_NO_COMMON_BLOCKS = YES;
				GCC_OPTIMIZATION_LEVEL = 0;
				GCC_PREPROCESSOR_DEFINITIONS = (
					"DEBUG=1",
					"$(inherited)",
				);
				GCC_WARN_64_TO_32_BIT_CONVERSION = YES;
				GCC_WARN_ABOUT_RETURN_TYPE = YES_ERROR;
				GCC_WARN_UNDECLARED_SELECTOR = YES;
				GCC_WARN_UNINITIALIZED_AUTOS = YES_AGGRESSIVE;
				GCC_WARN_UNUSED_FUNCTION = YES;
				GCC_WARN_UNUSED_VARIABLE = YES;
				IPHONEOS_DEPLOYMENT_TARGET = 18.1;
				LOCALIZATION_PREFERS_STRING_CATALOGS = YES;
				MTL_ENABLE_DEBUG_INFO = INCLUDE_SOURCE;
				MTL_FAST_MATH = YES;
				ONLY_ACTIVE_ARCH = YES;
				SDKROOT = iphoneos;
				SWIFT_ACTIVE_COMPILATION_CONDITIONS = "DEBUG $(inherited)";
				SWIFT_OPTIMIZATION_LEVEL = "-Onone";
			};
			name = Debug;
		};
		CBA6F0F52CFB527300B75B79 /* Release */ = {
			isa = XCBuildConfiguration;
			buildSettings = {
				ALWAYS_SEARCH_USER_PATHS = NO;
				ASSETCATALOG_COMPILER_GENERATE_SWIFT_ASSET_SYMBOL_EXTENSIONS = YES;
				CLANG_ANALYZER_NONNULL = YES;
				CLANG_ANALYZER_NUMBER_OBJECT_CONVERSION = YES_AGGRESSIVE;
				CLANG_CXX_LANGUAGE_STANDARD = "gnu++20";
				CLANG_ENABLE_MODULES = YES;
				CLANG_ENABLE_OBJC_ARC = YES;
				CLANG_ENABLE_OBJC_WEAK = YES;
				CLANG_WARN_BLOCK_CAPTURE_AUTORELEASING = YES;
				CLANG_WARN_BOOL_CONVERSION = YES;
				CLANG_WARN_COMMA = YES;
				CLANG_WARN_CONSTANT_CONVERSION = YES;
				CLANG_WARN_DEPRECATED_OBJC_IMPLEMENTATIONS = YES;
				CLANG_WARN_DIRECT_OBJC_ISA_USAGE = YES_ERROR;
				CLANG_WARN_DOCUMENTATION_COMMENTS = YES;
				CLANG_WARN_EMPTY_BODY = YES;
				CLANG_WARN_ENUM_CONVERSION = YES;
				CLANG_WARN_INFINITE_RECURSION = YES;
				CLANG_WARN_INT_CONVERSION = YES;
				CLANG_WARN_NON_LITERAL_NULL_CONVERSION = YES;
				CLANG_WARN_OBJC_IMPLICIT_RETAIN_SELF = YES;
				CLANG_WARN_OBJC_LITERAL_CONVERSION = YES;
				CLANG_WARN_OBJC_ROOT_CLASS = YES_ERROR;
				CLANG_WARN_QUOTED_INCLUDE_IN_FRAMEWORK_HEADER = YES;
				CLANG_WARN_RANGE_LOOP_ANALYSIS = YES;
				CLANG_WARN_STRICT_PROTOTYPES = YES;
				CLANG_WARN_SUSPICIOUS_MOVE = YES;
				CLANG_WARN_UNGUARDED_AVAILABILITY = YES_AGGRESSIVE;
				CLANG_WARN_UNREACHABLE_CODE = YES;
				CLANG_WARN__DUPLICATE_METHOD_MATCH = YES;
				COPY_PHASE_STRIP = NO;
				DEBUG_INFORMATION_FORMAT = "dwarf-with-dsym";
				ENABLE_NS_ASSERTIONS = NO;
				ENABLE_STRICT_OBJC_MSGSEND = YES;
				ENABLE_USER_SCRIPT_SANDBOXING = YES;
				GCC_C_LANGUAGE_STANDARD = gnu17;
				GCC_NO_COMMON_BLOCKS = YES;
				GCC_WARN_64_TO_32_BIT_CONVERSION = YES;
				GCC_WARN_ABOUT_RETURN_TYPE = YES_ERROR;
				GCC_WARN_UNDECLARED_SELECTOR = YES;
				GCC_WARN_UNINITIALIZED_AUTOS = YES_AGGRESSIVE;
				GCC_WARN_UNUSED_FUNCTION = YES;
				GCC_WARN_UNUSED_VARIABLE = YES;
				IPHONEOS_DEPLOYMENT_TARGET = 18.1;
				LOCALIZATION_PREFERS_STRING_CATALOGS = YES;
				MTL_ENABLE_DEBUG_INFO = NO;
				MTL_FAST_MATH = YES;
				SDKROOT = iphoneos;
				SWIFT_COMPILATION_MODE = wholemodule;
				VALIDATE_PRODUCT = YES;
			};
			name = Release;
		};
		CBA6F0F72CFB527300B75B79 /* Debug */ = {
			isa = XCBuildConfiguration;
			buildSettings = {
				ASSETCATALOG_COMPILER_APPICON_NAME = AppIcon;
				ASSETCATALOG_COMPILER_GLOBAL_ACCENT_COLOR_NAME = AccentColor;
				CODE_SIGN_STYLE = Automatic;
				CURRENT_PROJECT_VERSION = 1;
				DEVELOPMENT_ASSET_PATHS = "\"Vie/Preview Content\"";
				DEVELOPMENT_TEAM = K3MH9T5BG3;
				ENABLE_PREVIEWS = YES;
				GENERATE_INFOPLIST_FILE = YES;
				INFOPLIST_KEY_NSCameraUsageDescription = Yes;
				INFOPLIST_KEY_NSPhotoLibraryAddUsageDescription = Yes;
				INFOPLIST_KEY_NSPhotoLibraryUsageDescription = Yes;
				INFOPLIST_KEY_UIApplicationSceneManifest_Generation = YES;
				INFOPLIST_KEY_UIApplicationSupportsIndirectInputEvents = YES;
				INFOPLIST_KEY_UILaunchScreen_Generation = YES;
				INFOPLIST_KEY_UISupportedInterfaceOrientations_iPad = "UIInterfaceOrientationPortrait UIInterfaceOrientationPortraitUpsideDown UIInterfaceOrientationLandscapeLeft UIInterfaceOrientationLandscapeRight";
				INFOPLIST_KEY_UISupportedInterfaceOrientations_iPhone = "UIInterfaceOrientationPortrait UIInterfaceOrientationLandscapeLeft UIInterfaceOrientationLandscapeRight";
				LD_RUNPATH_SEARCH_PATHS = (
					"$(inherited)",
					"@executable_path/Frameworks",
				);
				MARKETING_VERSION = 1.0;
				PRODUCT_BUNDLE_IDENTIFIER = swift.Vie;
				PRODUCT_NAME = "$(TARGET_NAME)";
				SWIFT_EMIT_LOC_STRINGS = YES;
				SWIFT_VERSION = 5.0;
				TARGETED_DEVICE_FAMILY = "1,2";
			};
			name = Debug;
		};
		CBA6F0F82CFB527300B75B79 /* Release */ = {
			isa = XCBuildConfiguration;
			buildSettings = {
				ASSETCATALOG_COMPILER_APPICON_NAME = AppIcon;
				ASSETCATALOG_COMPILER_GLOBAL_ACCENT_COLOR_NAME = AccentColor;
				CODE_SIGN_STYLE = Automatic;
				CURRENT_PROJECT_VERSION = 1;
				DEVELOPMENT_ASSET_PATHS = "\"Vie/Preview Content\"";
				DEVELOPMENT_TEAM = K3MH9T5BG3;
				ENABLE_PREVIEWS = YES;
				GENERATE_INFOPLIST_FILE = YES;
				INFOPLIST_KEY_NSCameraUsageDescription = Yes;
				INFOPLIST_KEY_NSPhotoLibraryAddUsageDescription = Yes;
				INFOPLIST_KEY_NSPhotoLibraryUsageDescription = Yes;
				INFOPLIST_KEY_UIApplicationSceneManifest_Generation = YES;
				INFOPLIST_KEY_UIApplicationSupportsIndirectInputEvents = YES;
				INFOPLIST_KEY_UILaunchScreen_Generation = YES;
				INFOPLIST_KEY_UISupportedInterfaceOrientations_iPad = "UIInterfaceOrientationPortrait UIInterfaceOrientationPortraitUpsideDown UIInterfaceOrientationLandscapeLeft UIInterfaceOrientationLandscapeRight";
				INFOPLIST_KEY_UISupportedInterfaceOrientations_iPhone = "UIInterfaceOrientationPortrait UIInterfaceOrientationLandscapeLeft UIInterfaceOrientationLandscapeRight";
				LD_RUNPATH_SEARCH_PATHS = (
					"$(inherited)",
					"@executable_path/Frameworks",
				);
				MARKETING_VERSION = 1.0;
				PRODUCT_BUNDLE_IDENTIFIER = swift.Vie;
				PRODUCT_NAME = "$(TARGET_NAME)";
				SWIFT_EMIT_LOC_STRINGS = YES;
				SWIFT_VERSION = 5.0;
				TARGETED_DEVICE_FAMILY = "1,2";
			};
			name = Release;
		};
		CBA6F0FA2CFB527300B75B79 /* Debug */ = {
			isa = XCBuildConfiguration;
			buildSettings = {
				BUNDLE_LOADER = "$(TEST_HOST)";
				CODE_SIGN_STYLE = Automatic;
				CURRENT_PROJECT_VERSION = 1;
				DEVELOPMENT_TEAM = K3MH9T5BG3;
				GENERATE_INFOPLIST_FILE = YES;
				IPHONEOS_DEPLOYMENT_TARGET = 18.1;
				MARKETING_VERSION = 1.0;
				PRODUCT_BUNDLE_IDENTIFIER = swift.VieTests;
				PRODUCT_NAME = "$(TARGET_NAME)";
				SWIFT_EMIT_LOC_STRINGS = NO;
				SWIFT_VERSION = 5.0;
				TARGETED_DEVICE_FAMILY = "1,2";
				TEST_HOST = "$(BUILT_PRODUCTS_DIR)/Vie.app/$(BUNDLE_EXECUTABLE_FOLDER_PATH)/Vie";
			};
			name = Debug;
		};
		CBA6F0FB2CFB527300B75B79 /* Release */ = {
			isa = XCBuildConfiguration;
			buildSettings = {
				BUNDLE_LOADER = "$(TEST_HOST)";
				CODE_SIGN_STYLE = Automatic;
				CURRENT_PROJECT_VERSION = 1;
				DEVELOPMENT_TEAM = K3MH9T5BG3;
				GENERATE_INFOPLIST_FILE = YES;
				IPHONEOS_DEPLOYMENT_TARGET = 18.1;
				MARKETING_VERSION = 1.0;
				PRODUCT_BUNDLE_IDENTIFIER = swift.VieTests;
				PRODUCT_NAME = "$(TARGET_NAME)";
				SWIFT_EMIT_LOC_STRINGS = NO;
				SWIFT_VERSION = 5.0;
				TARGETED_DEVICE_FAMILY = "1,2";
				TEST_HOST = "$(BUILT_PRODUCTS_DIR)/Vie.app/$(BUNDLE_EXECUTABLE_FOLDER_PATH)/Vie";
			};
			name = Release;
		};
		CBA6F0FD2CFB527300B75B79 /* Debug */ = {
			isa = XCBuildConfiguration;
			buildSettings = {
				CODE_SIGN_STYLE = Automatic;
				CURRENT_PROJECT_VERSION = 1;
				DEVELOPMENT_TEAM = K3MH9T5BG3;
				GENERATE_INFOPLIST_FILE = YES;
				MARKETING_VERSION = 1.0;
				PRODUCT_BUNDLE_IDENTIFIER = swift.VieUITests;
				PRODUCT_NAME = "$(TARGET_NAME)";
				SWIFT_EMIT_LOC_STRINGS = NO;
				SWIFT_VERSION = 5.0;
				TARGETED_DEVICE_FAMILY = "1,2";
				TEST_TARGET_NAME = Vie;
			};
			name = Debug;
		};
		CBA6F0FE2CFB527300B75B79 /* Release */ = {
			isa = XCBuildConfiguration;
			buildSettings = {
				CODE_SIGN_STYLE = Automatic;
				CURRENT_PROJECT_VERSION = 1;
				DEVELOPMENT_TEAM = K3MH9T5BG3;
				GENERATE_INFOPLIST_FILE = YES;
				MARKETING_VERSION = 1.0;
				PRODUCT_BUNDLE_IDENTIFIER = swift.VieUITests;
				PRODUCT_NAME = "$(TARGET_NAME)";
				SWIFT_EMIT_LOC_STRINGS = NO;
				SWIFT_VERSION = 5.0;
				TARGETED_DEVICE_FAMILY = "1,2";
				TEST_TARGET_NAME = Vie;
			};
			name = Release;
		};
/* End XCBuildConfiguration section */

/* Begin XCConfigurationList section */
		CBA6F0CD2CFB527100B75B79 /* Build configuration list for PBXProject "Vie" */ = {
			isa = XCConfigurationList;
			buildConfigurations = (
				CBA6F0F42CFB527300B75B79 /* Debug */,
				CBA6F0F52CFB527300B75B79 /* Release */,
			);
			defaultConfigurationIsVisible = 0;
			defaultConfigurationName = Release;
		};
		CBA6F0F62CFB527300B75B79 /* Build configuration list for PBXNativeTarget "Vie" */ = {
			isa = XCConfigurationList;
			buildConfigurations = (
				CBA6F0F72CFB527300B75B79 /* Debug */,
				CBA6F0F82CFB527300B75B79 /* Release */,
			);
			defaultConfigurationIsVisible = 0;
			defaultConfigurationName = Release;
		};
		CBA6F0F92CFB527300B75B79 /* Build configuration list for PBXNativeTarget "VieTests" */ = {
			isa = XCConfigurationList;
			buildConfigurations = (
				CBA6F0FA2CFB527300B75B79 /* Debug */,
				CBA6F0FB2CFB527300B75B79 /* Release */,
			);
			defaultConfigurationIsVisible = 0;
			defaultConfigurationName = Release;
		};
		CBA6F0FC2CFB527300B75B79 /* Build configuration list for PBXNativeTarget "VieUITests" */ = {
			isa = XCConfigurationList;
			buildConfigurations = (
				CBA6F0FD2CFB527300B75B79 /* Debug */,
				CBA6F0FE2CFB527300B75B79 /* Release */,
			);
			defaultConfigurationIsVisible = 0;
			defaultConfigurationName = Release;
		};
/* End XCConfigurationList section */
	};
	rootObject = CBA6F0CA2CFB527100B75B79 /* Project object */;
}
